
Microsoft Visual Studio Solution File, Format Version 12.00
# Visual Studio Version 17
VisualStudioVersion = 17.0.31512.422
MinimumVisualStudioVersion = 10.0.40219.1
Project("{9A19103F-16F7-4668-BE54-9A1E7A4F7556}") = "RebaseWorkflowStarterAction", "RebaseWorkflowStarterAction.csproj", "{D376298F-E2F5-48E0-A5C8-425F514B0AA0}"
EndProject
Global
	GlobalSection(SolutionConfigurationPlatforms) = preSolution
		Debug|Any CPU = Debug|Any CPU
		Release|Any CPU = Release|Any CPU
	EndGlobalSection
	GlobalSection(ProjectConfigurationPlatforms) = postSolution
		{D376298F-E2F5-48E0-A5C8-425F514B0AA0}.Debug|Any CPU.ActiveCfg = Debug|Any CPU
		{D376298F-E2F5-48E0-A5C8-425F514B0AA0}.Debug|Any CPU.Build.0 = Debug|Any CPU
		{D376298F-E2F5-48E0-A5C8-425F514B0AA0}.Release|Any CPU.ActiveCfg = Release|Any CPU
		{D376298F-E2F5-48E0-A5C8-425F514B0AA0}.Release|Any CPU.Build.0 = Release|Any CPU
	EndGlobalSection
	GlobalSection(SolutionProperties) = preSolution
		HideSolutionNode = FALSE
	EndGlobalSection
	GlobalSection(ExtensibilityGlobals) = postSolution
		SolutionGuid = {2019792B-B5CF-465D-A8C0-3DD446AA9CFF}
	EndGlobalSection
EndGlobal
